
Microsoft Visual Studio Solution File, Format Version 12.00
# Visual Studio Version 17
VisualStudioVersion = 17.13.35931.197 d17.13
MinimumVisualStudioVersion = 10.0.40219.1
Project("{FAE04EC0-301F-11D3-BF4B-00C04F79EFBC}") = "First_Project", "First_Project\First_Project.csproj", "{AE6497BA-9EE1-471B-AEC6-806DB083B475}"
EndProject
Global
	GlobalSection(SolutionConfigurationPlatforms) = preSolution
		Debug|Any CPU = Debug|Any CPU
		Release|Any CPU = Release|Any CPU
	EndGlobalSection
	GlobalSection(ProjectConfigurationPlatforms) = postSolution
		{AE6497BA-9EE1-471B-AEC6-806DB083B475}.Debug|Any CPU.ActiveCfg = Debug|Any CPU
		{AE6497BA-9EE1-471B-AEC6-806DB083B475}.Debug|Any CPU.Build.0 = Debug|Any CPU
		{AE6497BA-9EE1-471B-AEC6-806DB083B475}.Release|Any CPU.ActiveCfg = Release|Any CPU
		{AE6497BA-9EE1-471B-AEC6-806DB083B475}.Release|Any CPU.Build.0 = Release|Any CPU
	EndGlobalSection
	GlobalSection(SolutionProperties) = preSolution
		HideSolutionNode = FALSE
	EndGlobalSection
	GlobalSection(ExtensibilityGlobals) = postSolution
		SolutionGuid = {4455594D-515E-4F96-AAD4-DC085C00FAEB}
	EndGlobalSection
EndGlobal
